<?xml version="1.0" encoding="utf-8"?>
<Project ToolsVersion="4.0" xmlns="http://schemas.microsoft.com/developer/msbuild/2003">
  <ItemGroup>
    <Filter Include="Main">
      <UniqueIdentifier>{55c35275-31cf-47e1-92a7-0e2a1d5fdd1e}</UniqueIdentifier>
    </Filter>
    <Filter Include="Math">
      <UniqueIdentifier>{6ef79fe6-4be2-4fdc-aaea-3aca4e9d0cfb}</UniqueIdentifier>
    </Filter>
    <Filter Include="DArr">
      <UniqueIdentifier>{401e748d-eb28-4ac3-9844-28b2ce07d761}</UniqueIdentifier>
    </Filter>
  </ItemGroup>
  <ItemGroup>
    <ClCompile Include="main.cpp">
      <Filter>Main</Filter>
    </ClCompile>
    <ClCompile Include="main2.cpp">
      <Filter>Main</Filter>
    </ClCompile>
    <ClCompile Include="Exercise.cpp">
      <Filter>Main</Filter>
    </ClCompile>
    <ClCompile Include="main3.cpp">
      <Filter>Main</Filter>
    </ClCompile>
    <ClCompile Include="Exercise2.cpp">
      <Filter>Main</Filter>
    </ClCompile>
    <ClCompile Include="main4.cpp">
      <Filter>Main</Filter>
    </ClCompile>
    <ClCompile Include="main5.cpp">
      <Filter>Main</Filter>
    </ClCompile>
    <ClCompile Include="main6.cpp">
      <Filter>Main</Filter>
    </ClCompile>
    <ClCompile Include="math.cpp">
      <Filter>Math</Filter>
    </ClCompile>
    <ClCompile Include="Exercise-main4.cpp">
      <Filter>Main</Filter>
    </ClCompile>
    <ClCompile Include="Exercise-main5,6.cpp">
      <Filter>Main</Filter>
    </ClCompile>
    <ClCompile Include="main7.cpp">
      <Filter>Main</Filter>
    </ClCompile>
    <ClCompile Include="Lotto.cpp">
      <Filter>Main</Filter>
    </ClCompile>
    <ClCompile Include="exam2.cpp">
      <Filter>Main</Filter>
    </ClCompile>
    <ClCompile Include="InOut.cpp">
      <Filter>Main</Filter>
    </ClCompile>
    <ClCompile Include="main8.cpp">
      <Filter>Main</Filter>
    </ClCompile>
    <ClCompile Include="main9.cpp">
      <Filter>Main</Filter>
    </ClCompile>
    <ClCompile Include="main10.cpp">
      <Filter>Main</Filter>
    </ClCompile>
    <ClCompile Include="main11.cpp">
      <Filter>Main</Filter>
    </ClCompile>
    <ClCompile Include="main12.cpp">
      <Filter>Main</Filter>
    </ClCompile>
    <ClCompile Include="main13.cpp">
      <Filter>Main</Filter>
    </ClCompile>
    <ClCompile Include="main14.cpp">
      <Filter>Main</Filter>
    </ClCompile>
    <ClCompile Include="DArr.cpp">
      <Filter>DArr</Filter>
    </ClCompile>
    <ClCompile Include="main15.cpp">
      <Filter>DArr</Filter>
    </ClCompile>
    <ClCompile Include="LinkedList.cpp">
      <Filter>DArr</Filter>
    </ClCompile>
    <ClCompile Include="main16.cpp">
      <Filter>Main</Filter>
    </ClCompile>
  </ItemGroup>
  <ItemGroup>
    <ClInclude Include="math.h">
      <Filter>Math</Filter>
    </ClInclude>
    <ClInclude Include="DArr.h">
      <Filter>DArr</Filter>
    </ClInclude>
    <ClInclude Include="LinkedList.h">
      <Filter>DArr</Filter>
    </ClInclude>
  </ItemGroup>
</Project>